
Microsoft Visual Studio Solution File, Format Version 12.00
# Visual Studio 15
VisualStudioVersion = 15.0.28307.1062
MinimumVisualStudioVersion = 10.0.40219.1
Project("{FAE04EC0-301F-11D3-BF4B-00C04F79EFBC}") = "ProductCoreApi", "ProductCoreApi\ProductCoreApi.csproj", "{B60B3593-52C2-48DD-B6E8-AC1F724E62D5}"
EndProject
Global
	GlobalSection(SolutionConfigurationPlatforms) = preSolution
		Debug|Any CPU = Debug|Any CPU
		Release|Any CPU = Release|Any CPU
	EndGlobalSection
	GlobalSection(ProjectConfigurationPlatforms) = postSolution
		{B60B3593-52C2-48DD-B6E8-AC1F724E62D5}.Debug|Any CPU.ActiveCfg = Debug|Any CPU
		{B60B3593-52C2-48DD-B6E8-AC1F724E62D5}.Debug|Any CPU.Build.0 = Debug|Any CPU
		{B60B3593-52C2-48DD-B6E8-AC1F724E62D5}.Release|Any CPU.ActiveCfg = Release|Any CPU
		{B60B3593-52C2-48DD-B6E8-AC1F724E62D5}.Release|Any CPU.Build.0 = Release|Any CPU
	EndGlobalSection
	GlobalSection(SolutionProperties) = preSolution
		HideSolutionNode = FALSE
	EndGlobalSection
	GlobalSection(ExtensibilityGlobals) = postSolution
		SolutionGuid = {1D93B5B3-6C16-4B68-A064-3B48ACF81391}
	EndGlobalSection
EndGlobal
